
Microsoft Visual Studio Solution File, Format Version 12.00
# Visual Studio Version 16
VisualStudioVersion = 16.0.30523.141
MinimumVisualStudioVersion = 10.0.40219.1
Project("{8BC9CEB8-8B4A-11D0-8D11-00A0C91BC942}") = "CIS-200-Project1-soloPRJ-DemetriusJohnson", "CIS-200-Project1-soloPRJ-DemetriusJohnson.vcxproj", "{6881AD57-7D2B-44E6-9229-75FDFD38C16E}"
EndProject
Global
	GlobalSection(SolutionConfigurationPlatforms) = preSolution
		Debug|x64 = Debug|x64
		Debug|x86 = Debug|x86
		Release|x64 = Release|x64
		Release|x86 = Release|x86
	EndGlobalSection
	GlobalSection(ProjectConfigurationPlatforms) = postSolution
		{6881AD57-7D2B-44E6-9229-75FDFD38C16E}.Debug|x64.ActiveCfg = Debug|x64
		{6881AD57-7D2B-44E6-9229-75FDFD38C16E}.Debug|x64.Build.0 = Debug|x64
		{6881AD57-7D2B-44E6-9229-75FDFD38C16E}.Debug|x86.ActiveCfg = Debug|Win32
		{6881AD57-7D2B-44E6-9229-75FDFD38C16E}.Debug|x86.Build.0 = Debug|Win32
		{6881AD57-7D2B-44E6-9229-75FDFD38C16E}.Release|x64.ActiveCfg = Release|x64
		{6881AD57-7D2B-44E6-9229-75FDFD38C16E}.Release|x64.Build.0 = Release|x64
		{6881AD57-7D2B-44E6-9229-75FDFD38C16E}.Release|x86.ActiveCfg = Release|Win32
		{6881AD57-7D2B-44E6-9229-75FDFD38C16E}.Release|x86.Build.0 = Release|Win32
	EndGlobalSection
	GlobalSection(SolutionProperties) = preSolution
		HideSolutionNode = FALSE
	EndGlobalSection
	GlobalSection(ExtensibilityGlobals) = postSolution
		SolutionGuid = {3D58B392-5CD0-407E-8C5D-BCB493DE8675}
	EndGlobalSection
EndGlobal
